
Microsoft Visual Studio Solution File, Format Version 12.00
# Visual Studio Version 17
VisualStudioVersion = 17.13.35919.96
MinimumVisualStudioVersion = 10.0.40219.1
Project("{FAE04EC0-301F-11D3-BF4B-00C04F79EFBC}") = "Proposta.API", "Proposta.API\Proposta.API.csproj", "{35392037-6E64-4529-A132-604A11A7CABB}"
EndProject
Project("{FAE04EC0-301F-11D3-BF4B-00C04F79EFBC}") = "Contratacao.Consumer", "Contratacao.Consumer\Contratacao.Consumer.csproj", "{0EFFAA57-BC80-4892-9863-E2442329631D}"
EndProject
Project("{FAE04EC0-301F-11D3-BF4B-00C04F79EFBC}") = "Domain", "Domain\Domain.csproj", "{391F2200-D2A7-45E2-9530-6004354E76F8}"
EndProject
Project("{FAE04EC0-301F-11D3-BF4B-00C04F79EFBC}") = "Application", "Application\Application.csproj", "{F759AB1D-01BD-4EBC-B6D5-69AF386CCCD9}"
EndProject
Project("{2150E333-8FDC-42A3-9474-1A3956D46DE8}") = "Core", "Core", "{02EA681E-C7D8-13C7-8484-4AC65E1B71E8}"
EndProject
Project("{2150E333-8FDC-42A3-9474-1A3956D46DE8}") = "Adapters", "Adapters", "{9C0B4104-D4D8-4893-A7C7-44ABF5158781}"
EndProject
Project("{2150E333-8FDC-42A3-9474-1A3956D46DE8}") = "Ports", "Ports", "{8E19CD47-0499-42AF-9F59-8BBEB0C15C0C}"
EndProject
Project("{FAE04EC0-301F-11D3-BF4B-00C04F79EFBC}") = "Infra.Database", "Infra.Database\Infra.Database.csproj", "{7DEE65BD-7B9C-4FCE-9E1C-7D3C8FDC5E79}"
EndProject
Project("{FAE04EC0-301F-11D3-BF4B-00C04F79EFBC}") = "Contratacao.Api", "Contratacao.Api\Contratacao.Api.csproj", "{D2F75C79-1E25-4C3D-A1A3-D6FD646D39A8}"
EndProject
Project("{FAE04EC0-301F-11D3-BF4B-00C04F79EFBC}") = "Infra.Queue", "Infra.Queue\Infra.Queue.csproj", "{8F86B09C-CCC7-48A7-9232-C189B3BD1627}"
EndProject
Project("{2150E333-8FDC-42A3-9474-1A3956D46DE8}") = ".Config", ".Config", "{30F437BF-3E3F-4E2E-9A1D-C55D532CF1BC}"
	ProjectSection(SolutionItems) = preProject
		README.md = README.md
	EndProjectSection
EndProject
Project("{E53339B2-1760-4266-BCC7-CA923CBCF16C}") = "docker-compose", "docker-compose.dcproj", "{81DDED9D-158B-E303-5F62-77A2896D2A5A}"
EndProject
Project("{FAE04EC0-301F-11D3-BF4B-00C04F79EFBC}") = "Propostas.UnitTests", "Propostas.UnitTests\Propostas.UnitTests.csproj", "{5BD62BED-B82F-4E4B-A85B-0FA2929C3323}"
EndProject
Global
	GlobalSection(SolutionConfigurationPlatforms) = preSolution
		Debug|Any CPU = Debug|Any CPU
		Release|Any CPU = Release|Any CPU
	EndGlobalSection
	GlobalSection(ProjectConfigurationPlatforms) = postSolution
		{35392037-6E64-4529-A132-604A11A7CABB}.Debug|Any CPU.ActiveCfg = Debug|Any CPU
		{35392037-6E64-4529-A132-604A11A7CABB}.Debug|Any CPU.Build.0 = Debug|Any CPU
		{35392037-6E64-4529-A132-604A11A7CABB}.Release|Any CPU.ActiveCfg = Release|Any CPU
		{35392037-6E64-4529-A132-604A11A7CABB}.Release|Any CPU.Build.0 = Release|Any CPU
		{0EFFAA57-BC80-4892-9863-E2442329631D}.Debug|Any CPU.ActiveCfg = Debug|Any CPU
		{0EFFAA57-BC80-4892-9863-E2442329631D}.Debug|Any CPU.Build.0 = Debug|Any CPU
		{0EFFAA57-BC80-4892-9863-E2442329631D}.Release|Any CPU.ActiveCfg = Release|Any CPU
		{0EFFAA57-BC80-4892-9863-E2442329631D}.Release|Any CPU.Build.0 = Release|Any CPU
		{391F2200-D2A7-45E2-9530-6004354E76F8}.Debug|Any CPU.ActiveCfg = Debug|Any CPU
		{391F2200-D2A7-45E2-9530-6004354E76F8}.Debug|Any CPU.Build.0 = Debug|Any CPU
		{391F2200-D2A7-45E2-9530-6004354E76F8}.Release|Any CPU.ActiveCfg = Release|Any CPU
		{391F2200-D2A7-45E2-9530-6004354E76F8}.Release|Any CPU.Build.0 = Release|Any CPU
		{F759AB1D-01BD-4EBC-B6D5-69AF386CCCD9}.Debug|Any CPU.ActiveCfg = Debug|Any CPU
		{F759AB1D-01BD-4EBC-B6D5-69AF386CCCD9}.Debug|Any CPU.Build.0 = Debug|Any CPU
		{F759AB1D-01BD-4EBC-B6D5-69AF386CCCD9}.Release|Any CPU.ActiveCfg = Release|Any CPU
		{F759AB1D-01BD-4EBC-B6D5-69AF386CCCD9}.Release|Any CPU.Build.0 = Release|Any CPU
		{7DEE65BD-7B9C-4FCE-9E1C-7D3C8FDC5E79}.Debug|Any CPU.ActiveCfg = Debug|Any CPU
		{7DEE65BD-7B9C-4FCE-9E1C-7D3C8FDC5E79}.Debug|Any CPU.Build.0 = Debug|Any CPU
		{7DEE65BD-7B9C-4FCE-9E1C-7D3C8FDC5E79}.Release|Any CPU.ActiveCfg = Release|Any CPU
		{7DEE65BD-7B9C-4FCE-9E1C-7D3C8FDC5E79}.Release|Any CPU.Build.0 = Release|Any CPU
		{D2F75C79-1E25-4C3D-A1A3-D6FD646D39A8}.Debug|Any CPU.ActiveCfg = Debug|Any CPU
		{D2F75C79-1E25-4C3D-A1A3-D6FD646D39A8}.Debug|Any CPU.Build.0 = Debug|Any CPU
		{D2F75C79-1E25-4C3D-A1A3-D6FD646D39A8}.Release|Any CPU.ActiveCfg = Release|Any CPU
		{D2F75C79-1E25-4C3D-A1A3-D6FD646D39A8}.Release|Any CPU.Build.0 = Release|Any CPU
		{8F86B09C-CCC7-48A7-9232-C189B3BD1627}.Debug|Any CPU.ActiveCfg = Debug|Any CPU
		{8F86B09C-CCC7-48A7-9232-C189B3BD1627}.Debug|Any CPU.Build.0 = Debug|Any CPU
		{8F86B09C-CCC7-48A7-9232-C189B3BD1627}.Release|Any CPU.ActiveCfg = Release|Any CPU
		{8F86B09C-CCC7-48A7-9232-C189B3BD1627}.Release|Any CPU.Build.0 = Release|Any CPU
		{81DDED9D-158B-E303-5F62-77A2896D2A5A}.Debug|Any CPU.ActiveCfg = Debug|Any CPU
		{81DDED9D-158B-E303-5F62-77A2896D2A5A}.Debug|Any CPU.Build.0 = Debug|Any CPU
		{81DDED9D-158B-E303-5F62-77A2896D2A5A}.Release|Any CPU.ActiveCfg = Release|Any CPU
		{81DDED9D-158B-E303-5F62-77A2896D2A5A}.Release|Any CPU.Build.0 = Release|Any CPU
		{5BD62BED-B82F-4E4B-A85B-0FA2929C3323}.Debug|Any CPU.ActiveCfg = Debug|Any CPU
		{5BD62BED-B82F-4E4B-A85B-0FA2929C3323}.Debug|Any CPU.Build.0 = Debug|Any CPU
		{5BD62BED-B82F-4E4B-A85B-0FA2929C3323}.Release|Any CPU.ActiveCfg = Release|Any CPU
		{5BD62BED-B82F-4E4B-A85B-0FA2929C3323}.Release|Any CPU.Build.0 = Release|Any CPU
	EndGlobalSection
	GlobalSection(SolutionProperties) = preSolution
		HideSolutionNode = FALSE
	EndGlobalSection
	GlobalSection(NestedProjects) = preSolution
		{35392037-6E64-4529-A132-604A11A7CABB} = {8E19CD47-0499-42AF-9F59-8BBEB0C15C0C}
		{0EFFAA57-BC80-4892-9863-E2442329631D} = {8E19CD47-0499-42AF-9F59-8BBEB0C15C0C}
		{391F2200-D2A7-45E2-9530-6004354E76F8} = {02EA681E-C7D8-13C7-8484-4AC65E1B71E8}
		{F759AB1D-01BD-4EBC-B6D5-69AF386CCCD9} = {02EA681E-C7D8-13C7-8484-4AC65E1B71E8}
		{7DEE65BD-7B9C-4FCE-9E1C-7D3C8FDC5E79} = {9C0B4104-D4D8-4893-A7C7-44ABF5158781}
		{D2F75C79-1E25-4C3D-A1A3-D6FD646D39A8} = {8E19CD47-0499-42AF-9F59-8BBEB0C15C0C}
		{8F86B09C-CCC7-48A7-9232-C189B3BD1627} = {9C0B4104-D4D8-4893-A7C7-44ABF5158781}
		{81DDED9D-158B-E303-5F62-77A2896D2A5A} = {30F437BF-3E3F-4E2E-9A1D-C55D532CF1BC}
	EndGlobalSection
	GlobalSection(ExtensibilityGlobals) = postSolution
		SolutionGuid = {EFEC8EA4-2FB3-4D05-B7EA-39EC4061EFB8}
	EndGlobalSection
EndGlobal
